// !$*UTF8*$!
{
	archiveVersion = 1;
	classes = {
	};
	objectVersion = 56;
	objects = {

/* Begin PBXBuildFile section */
		9260A69629EC3A8000B31971 /* FileManagerBootcamp.swift in Sources */ = {isa = PBXBuildFile; fileRef = 9260A69529EC3A8000B31971 /* FileManagerBootcamp.swift */; };
		9260A69929EC596E00B31971 /* SubscriberBootcamp.swift in Sources */ = {isa = PBXBuildFile; fileRef = 9260A69829EC596E00B31971 /* SubscriberBootcamp.swift */; };
		9260A6A129EC7EA700B31971 /* DowloadingImagesBootcamp.swift in Sources */ = {isa = PBXBuildFile; fileRef = 9260A6A029EC7EA700B31971 /* DowloadingImagesBootcamp.swift */; };
		9260A6A329EC7FC500B31971 /* PhotoModel.swift in Sources */ = {isa = PBXBuildFile; fileRef = 9260A6A229EC7FC500B31971 /* PhotoModel.swift */; };
		9260A6A529EC805B00B31971 /* DowloadingImagesViewModel.swift in Sources */ = {isa = PBXBuildFile; fileRef = 9260A6A429EC805B00B31971 /* DowloadingImagesViewModel.swift */; };
		9260A6A729EC818200B31971 /* PhotoModelDataService.swift in Sources */ = {isa = PBXBuildFile; fileRef = 9260A6A629EC818200B31971 /* PhotoModelDataService.swift */; };
		9260A6A929EC8C9000B31971 /* DowloadingImageRow.swift in Sources */ = {isa = PBXBuildFile; fileRef = 9260A6A829EC8C9000B31971 /* DowloadingImageRow.swift */; };
		9260A6AB29EC8D3300B31971 /* DowloadingImageView.swift in Sources */ = {isa = PBXBuildFile; fileRef = 9260A6AA29EC8D3300B31971 /* DowloadingImageView.swift */; };
		9260A6AD29EC8DC200B31971 /* ImageLoadingViewModel.swift in Sources */ = {isa = PBXBuildFile; fileRef = 9260A6AC29EC8DC200B31971 /* ImageLoadingViewModel.swift */; };
		9260A6AF29EC96DF00B31971 /* PhotoCacheManager.swift in Sources */ = {isa = PBXBuildFile; fileRef = 9260A6AE29EC96DF00B31971 /* PhotoCacheManager.swift */; };
		9260A6B129EC989D00B31971 /* PhotoModelFileManager.swift in Sources */ = {isa = PBXBuildFile; fileRef = 9260A6B029EC989D00B31971 /* PhotoModelFileManager.swift */; };
		927F327829D5A4F800984617 /* TextSUIApp.swift in Sources */ = {isa = PBXBuildFile; fileRef = 927F327729D5A4F800984617 /* TextSUIApp.swift */; };
		927F327A29D5A4F800984617 /* ContentView.swift in Sources */ = {isa = PBXBuildFile; fileRef = 927F327929D5A4F800984617 /* ContentView.swift */; };
		927F327C29D5A4FA00984617 /* Assets.xcassets in Resources */ = {isa = PBXBuildFile; fileRef = 927F327B29D5A4FA00984617 /* Assets.xcassets */; };
		927F327F29D5A4FA00984617 /* Preview Assets.xcassets in Resources */ = {isa = PBXBuildFile; fileRef = 927F327E29D5A4FA00984617 /* Preview Assets.xcassets */; };
		927F328129D5A4FA00984617 /* Persistence.swift in Sources */ = {isa = PBXBuildFile; fileRef = 927F328029D5A4FA00984617 /* Persistence.swift */; };
		927F328429D5A4FA00984617 /* TextSUI.xcdatamodeld in Sources */ = {isa = PBXBuildFile; fileRef = 927F328229D5A4FA00984617 /* TextSUI.xcdatamodeld */; };
		927F328E29D5A4FA00984617 /* TextSUITests.swift in Sources */ = {isa = PBXBuildFile; fileRef = 927F328D29D5A4FA00984617 /* TextSUITests.swift */; };
		927F329829D5A4FA00984617 /* TextSUIUITests.swift in Sources */ = {isa = PBXBuildFile; fileRef = 927F329729D5A4FA00984617 /* TextSUIUITests.swift */; };
		927F329A29D5A4FA00984617 /* TextSUIUITestsLaunchTests.swift in Sources */ = {isa = PBXBuildFile; fileRef = 927F329929D5A4FA00984617 /* TextSUIUITestsLaunchTests.swift */; };
		928B382E29E1DE9C00473B8D /* ArraysBootcamp.swift in Sources */ = {isa = PBXBuildFile; fileRef = 928B382D29E1DE9C00473B8D /* ArraysBootcamp.swift */; };
		928B385229E29A8100473B8D /* ThreadsBootcamp.swift in Sources */ = {isa = PBXBuildFile; fileRef = 928B385129E29A8100473B8D /* ThreadsBootcamp.swift */; };
		92B41EB729D6B038004DFAB9 /* DependecyInjecBootcamp.swift in Sources */ = {isa = PBXBuildFile; fileRef = 92B41EB629D6B038004DFAB9 /* DependecyInjecBootcamp.swift */; };
		92B41EB929D6B052004DFAB9 /* ProtocolsBootcamp.swift in Sources */ = {isa = PBXBuildFile; fileRef = 92B41EB829D6B052004DFAB9 /* ProtocolsBootcamp.swift */; };
		92B41EF729D6EEEA004DFAB9 /* FuturessPromisesBootcamp.swift in Sources */ = {isa = PBXBuildFile; fileRef = 92B41EF629D6EEEA004DFAB9 /* FuturessPromisesBootcamp.swift */; };
		92B41EFD29D716B9004DFAB9 /* EscapingBootcamp.swift in Sources */ = {isa = PBXBuildFile; fileRef = 92B41EFC29D716B9004DFAB9 /* EscapingBootcamp.swift */; };
		92D8878729EFD4A3003A6070 /* TabViewView.swift in Sources */ = {isa = PBXBuildFile; fileRef = 92D8878629EFD4A3003A6070 /* TabViewView.swift */; };
		92D8878929EFD666003A6070 /* TextView.swift in Sources */ = {isa = PBXBuildFile; fileRef = 92D8878829EFD666003A6070 /* TextView.swift */; };
		92D8878B29EFD7A9003A6070 /* TextEditorView.swift in Sources */ = {isa = PBXBuildFile; fileRef = 92D8878A29EFD7A9003A6070 /* TextEditorView.swift */; };
		92D8878D29EFDA1A003A6070 /* TextFieldView.swift in Sources */ = {isa = PBXBuildFile; fileRef = 92D8878C29EFDA1A003A6070 /* TextFieldView.swift */; };
		92D8879129EFDE91003A6070 /* CanvasView.swift in Sources */ = {isa = PBXBuildFile; fileRef = 92D8879029EFDE91003A6070 /* CanvasView.swift */; };
		92D8879329EFE033003A6070 /* CircularView.swift in Sources */ = {isa = PBXBuildFile; fileRef = 92D8879229EFE033003A6070 /* CircularView.swift */; };
		92DB586C29EE6117007A0593 /* NSCacheBootcamp.swift in Sources */ = {isa = PBXBuildFile; fileRef = 92DB586B29EE6117007A0593 /* NSCacheBootcamp.swift */; };
		92EFAE0A29E0A8FE00886832 /* SoundsBootcamp.swift in Sources */ = {isa = PBXBuildFile; fileRef = 92EFAE0929E0A8FE00886832 /* SoundsBootcamp.swift */; };
		92EFAE0E29E0AC1200886832 /* badum.mp3 in Resources */ = {isa = PBXBuildFile; fileRef = 92EFAE0C29E0AC1200886832 /* badum.mp3 */; };
		92EFAE0F29E0AC1200886832 /* tada.mp3 in Resources */ = {isa = PBXBuildFile; fileRef = 92EFAE0D29E0AC1200886832 /* tada.mp3 */; };
		92EFAE1129E0ADD200886832 /* HapticsBootcamp.swift in Sources */ = {isa = PBXBuildFile; fileRef = 92EFAE1029E0ADD200886832 /* HapticsBootcamp.swift */; };
		92EFAE1329E0AFD000886832 /* PushBootcamp.swift in Sources */ = {isa = PBXBuildFile; fileRef = 92EFAE1229E0AFD000886832 /* PushBootcamp.swift */; };
		92EFAE1A29E13D5900886832 /* TypeliastBootcamp.swift in Sources */ = {isa = PBXBuildFile; fileRef = 92EFAE1929E13D5900886832 /* TypeliastBootcamp.swift */; };
		92EFAE1C29E13F6600886832 /* WeakSelfBootcamp.swift in Sources */ = {isa = PBXBuildFile; fileRef = 92EFAE1B29E13F6600886832 /* WeakSelfBootcamp.swift */; };
		92EFAE1E29E1456500886832 /* DragGestureBootcamp.swift in Sources */ = {isa = PBXBuildFile; fileRef = 92EFAE1D29E1456500886832 /* DragGestureBootcamp.swift */; };
		92EFAE2029E14AAA00886832 /* DragGestureBootcamp2.swift in Sources */ = {isa = PBXBuildFile; fileRef = 92EFAE1F29E14AAA00886832 /* DragGestureBootcamp2.swift */; };
		92FAC01329D5B93E005D6E8D /* OnLongPressGestureBootcamp.swift in Sources */ = {isa = PBXBuildFile; fileRef = 92FAC01229D5B93E005D6E8D /* OnLongPressGestureBootcamp.swift */; };
		92FAC01529D5BAF5005D6E8D /* MagnificationGestureBootcamp.swift in Sources */ = {isa = PBXBuildFile; fileRef = 92FAC01429D5BAF5005D6E8D /* MagnificationGestureBootcamp.swift */; };
		92FAC01729D5BCE9005D6E8D /* RotationGestureBootcamp.swift in Sources */ = {isa = PBXBuildFile; fileRef = 92FAC01629D5BCE9005D6E8D /* RotationGestureBootcamp.swift */; };
		92FAD2CD29DF4A3200B6CCDD /* HashableBootcamp.swift in Sources */ = {isa = PBXBuildFile; fileRef = 92FAD2CC29DF4A3200B6CCDD /* HashableBootcamp.swift */; };
		92FB754E29EFB0E9007B40CB /* ControlGroupView.swift in Sources */ = {isa = PBXBuildFile; fileRef = 92FB754D29EFB0E9007B40CB /* ControlGroupView.swift */; };
		92FB755029EFB30E007B40CB /* DatePickerView.swift in Sources */ = {isa = PBXBuildFile; fileRef = 92FB754F29EFB30E007B40CB /* DatePickerView.swift */; };
		92FB755229EFB5CF007B40CB /* DisclosureGroupView.swift in Sources */ = {isa = PBXBuildFile; fileRef = 92FB755129EFB5CF007B40CB /* DisclosureGroupView.swift */; };
		92FB755429EFB74E007B40CB /* FormView.swift in Sources */ = {isa = PBXBuildFile; fileRef = 92FB755329EFB74E007B40CB /* FormView.swift */; };
		92FB755629EFBBE4007B40CB /* GroupBoxView.swift in Sources */ = {isa = PBXBuildFile; fileRef = 92FB755529EFBBE4007B40CB /* GroupBoxView.swift */; };
		92FB755829EFBCD6007B40CB /* LabelView.swift in Sources */ = {isa = PBXBuildFile; fileRef = 92FB755729EFBCD6007B40CB /* LabelView.swift */; };
		92FB755A29EFBDAE007B40CB /* LinkView.swift in Sources */ = {isa = PBXBuildFile; fileRef = 92FB755929EFBDAE007B40CB /* LinkView.swift */; };
		92FB755C29EFBEAE007B40CB /* ListView.swift in Sources */ = {isa = PBXBuildFile; fileRef = 92FB755B29EFBEAE007B40CB /* ListView.swift */; };
		92FB755E29EFBFF6007B40CB /* MenuView.swift in Sources */ = {isa = PBXBuildFile; fileRef = 92FB755D29EFBFF6007B40CB /* MenuView.swift */; };
/* End PBXBuildFile section */

/* Begin PBXContainerItemProxy section */
		927F328A29D5A4FA00984617 /* PBXContainerItemProxy */ = {
			isa = PBXContainerItemProxy;
			containerPortal = 927F326C29D5A4F800984617 /* Project object */;
			proxyType = 1;
			remoteGlobalIDString = 927F327329D5A4F800984617;
			remoteInfo = TextSUI;
		};
		927F329429D5A4FA00984617 /* PBXContainerItemProxy */ = {
			isa = PBXContainerItemProxy;
			containerPortal = 927F326C29D5A4F800984617 /* Project object */;
			proxyType = 1;
			remoteGlobalIDString = 927F327329D5A4F800984617;
			remoteInfo = TextSUI;
		};
/* End PBXContainerItemProxy section */

/* Begin PBXFileReference section */
		9260A69529EC3A8000B31971 /* FileManagerBootcamp.swift */ = {isa = PBXFileReference; lastKnownFileType = sourcecode.swift; path = FileManagerBootcamp.swift; sourceTree = "<group>"; };
		9260A69829EC596E00B31971 /* SubscriberBootcamp.swift */ = {isa = PBXFileReference; lastKnownFileType = sourcecode.swift; path = SubscriberBootcamp.swift; sourceTree = "<group>"; };
		9260A6A029EC7EA700B31971 /* DowloadingImagesBootcamp.swift */ = {isa = PBXFileReference; lastKnownFileType = sourcecode.swift; path = DowloadingImagesBootcamp.swift; sourceTree = "<group>"; };
		9260A6A229EC7FC500B31971 /* PhotoModel.swift */ = {isa = PBXFileReference; lastKnownFileType = sourcecode.swift; path = PhotoModel.swift; sourceTree = "<group>"; };
		9260A6A429EC805B00B31971 /* DowloadingImagesViewModel.swift */ = {isa = PBXFileReference; lastKnownFileType = sourcecode.swift; path = DowloadingImagesViewModel.swift; sourceTree = "<group>"; };
		9260A6A629EC818200B31971 /* PhotoModelDataService.swift */ = {isa = PBXFileReference; lastKnownFileType = sourcecode.swift; path = PhotoModelDataService.swift; sourceTree = "<group>"; };
		9260A6A829EC8C9000B31971 /* DowloadingImageRow.swift */ = {isa = PBXFileReference; lastKnownFileType = sourcecode.swift; path = DowloadingImageRow.swift; sourceTree = "<group>"; };
		9260A6AA29EC8D3300B31971 /* DowloadingImageView.swift */ = {isa = PBXFileReference; lastKnownFileType = sourcecode.swift; path = DowloadingImageView.swift; sourceTree = "<group>"; };
		9260A6AC29EC8DC200B31971 /* ImageLoadingViewModel.swift */ = {isa = PBXFileReference; lastKnownFileType = sourcecode.swift; path = ImageLoadingViewModel.swift; sourceTree = "<group>"; };
		9260A6AE29EC96DF00B31971 /* PhotoCacheManager.swift */ = {isa = PBXFileReference; lastKnownFileType = sourcecode.swift; path = PhotoCacheManager.swift; sourceTree = "<group>"; };
		9260A6B029EC989D00B31971 /* PhotoModelFileManager.swift */ = {isa = PBXFileReference; lastKnownFileType = sourcecode.swift; path = PhotoModelFileManager.swift; sourceTree = "<group>"; };
		927F327429D5A4F800984617 /* TestsSUI.app */ = {isa = PBXFileReference; explicitFileType = wrapper.application; includeInIndex = 0; path = TestsSUI.app; sourceTree = BUILT_PRODUCTS_DIR; };
		927F327729D5A4F800984617 /* TextSUIApp.swift */ = {isa = PBXFileReference; lastKnownFileType = sourcecode.swift; path = TextSUIApp.swift; sourceTree = "<group>"; };
		927F327929D5A4F800984617 /* ContentView.swift */ = {isa = PBXFileReference; lastKnownFileType = sourcecode.swift; path = ContentView.swift; sourceTree = "<group>"; };
		927F327B29D5A4FA00984617 /* Assets.xcassets */ = {isa = PBXFileReference; lastKnownFileType = folder.assetcatalog; path = Assets.xcassets; sourceTree = "<group>"; };
		927F327E29D5A4FA00984617 /* Preview Assets.xcassets */ = {isa = PBXFileReference; lastKnownFileType = folder.assetcatalog; path = "Preview Assets.xcassets"; sourceTree = "<group>"; };
		927F328029D5A4FA00984617 /* Persistence.swift */ = {isa = PBXFileReference; lastKnownFileType = sourcecode.swift; path = Persistence.swift; sourceTree = "<group>"; };
		927F328329D5A4FA00984617 /* TextSUI.xcdatamodel */ = {isa = PBXFileReference; lastKnownFileType = wrapper.xcdatamodel; path = TextSUI.xcdatamodel; sourceTree = "<group>"; };
		927F328929D5A4FA00984617 /* TestsSUITests.xctest */ = {isa = PBXFileReference; explicitFileType = wrapper.cfbundle; includeInIndex = 0; path = TestsSUITests.xctest; sourceTree = BUILT_PRODUCTS_DIR; };
		927F328D29D5A4FA00984617 /* TextSUITests.swift */ = {isa = PBXFileReference; lastKnownFileType = sourcecode.swift; path = TextSUITests.swift; sourceTree = "<group>"; };
		927F329329D5A4FA00984617 /* TestsSUIUITests.xctest */ = {isa = PBXFileReference; explicitFileType = wrapper.cfbundle; includeInIndex = 0; path = TestsSUIUITests.xctest; sourceTree = BUILT_PRODUCTS_DIR; };
		927F329729D5A4FA00984617 /* TextSUIUITests.swift */ = {isa = PBXFileReference; lastKnownFileType = sourcecode.swift; path = TextSUIUITests.swift; sourceTree = "<group>"; };
		927F329929D5A4FA00984617 /* TextSUIUITestsLaunchTests.swift */ = {isa = PBXFileReference; lastKnownFileType = sourcecode.swift; path = TextSUIUITestsLaunchTests.swift; sourceTree = "<group>"; };
		928B382D29E1DE9C00473B8D /* ArraysBootcamp.swift */ = {isa = PBXFileReference; lastKnownFileType = sourcecode.swift; path = ArraysBootcamp.swift; sourceTree = "<group>"; };
		928B385129E29A8100473B8D /* ThreadsBootcamp.swift */ = {isa = PBXFileReference; lastKnownFileType = sourcecode.swift; path = ThreadsBootcamp.swift; sourceTree = "<group>"; };
		92B41EB629D6B038004DFAB9 /* DependecyInjecBootcamp.swift */ = {isa = PBXFileReference; lastKnownFileType = sourcecode.swift; path = DependecyInjecBootcamp.swift; sourceTree = "<group>"; };
		92B41EB829D6B052004DFAB9 /* ProtocolsBootcamp.swift */ = {isa = PBXFileReference; lastKnownFileType = sourcecode.swift; path = ProtocolsBootcamp.swift; sourceTree = "<group>"; };
		92B41EF629D6EEEA004DFAB9 /* FuturessPromisesBootcamp.swift */ = {isa = PBXFileReference; lastKnownFileType = sourcecode.swift; path = FuturessPromisesBootcamp.swift; sourceTree = "<group>"; };
		92B41EFC29D716B9004DFAB9 /* EscapingBootcamp.swift */ = {isa = PBXFileReference; lastKnownFileType = sourcecode.swift; path = EscapingBootcamp.swift; sourceTree = "<group>"; };
		92D8878629EFD4A3003A6070 /* TabViewView.swift */ = {isa = PBXFileReference; lastKnownFileType = sourcecode.swift; path = TabViewView.swift; sourceTree = "<group>"; };
		92D8878829EFD666003A6070 /* TextView.swift */ = {isa = PBXFileReference; lastKnownFileType = sourcecode.swift; path = TextView.swift; sourceTree = "<group>"; };
		92D8878A29EFD7A9003A6070 /* TextEditorView.swift */ = {isa = PBXFileReference; lastKnownFileType = sourcecode.swift; path = TextEditorView.swift; sourceTree = "<group>"; };
		92D8878C29EFDA1A003A6070 /* TextFieldView.swift */ = {isa = PBXFileReference; lastKnownFileType = sourcecode.swift; path = TextFieldView.swift; sourceTree = "<group>"; };
		92D8879029EFDE91003A6070 /* CanvasView.swift */ = {isa = PBXFileReference; lastKnownFileType = sourcecode.swift; path = CanvasView.swift; sourceTree = "<group>"; };
		92D8879229EFE033003A6070 /* CircularView.swift */ = {isa = PBXFileReference; lastKnownFileType = sourcecode.swift; path = CircularView.swift; sourceTree = "<group>"; };
		92DB586B29EE6117007A0593 /* NSCacheBootcamp.swift */ = {isa = PBXFileReference; lastKnownFileType = sourcecode.swift; path = NSCacheBootcamp.swift; sourceTree = "<group>"; };
		92EFAE0929E0A8FE00886832 /* SoundsBootcamp.swift */ = {isa = PBXFileReference; lastKnownFileType = sourcecode.swift; path = SoundsBootcamp.swift; sourceTree = "<group>"; };
		92EFAE0C29E0AC1200886832 /* badum.mp3 */ = {isa = PBXFileReference; lastKnownFileType = audio.mp3; path = badum.mp3; sourceTree = "<group>"; };
		92EFAE0D29E0AC1200886832 /* tada.mp3 */ = {isa = PBXFileReference; lastKnownFileType = audio.mp3; path = tada.mp3; sourceTree = "<group>"; };
		92EFAE1029E0ADD200886832 /* HapticsBootcamp.swift */ = {isa = PBXFileReference; lastKnownFileType = sourcecode.swift; path = HapticsBootcamp.swift; sourceTree = "<group>"; };
		92EFAE1229E0AFD000886832 /* PushBootcamp.swift */ = {isa = PBXFileReference; lastKnownFileType = sourcecode.swift; path = PushBootcamp.swift; sourceTree = "<group>"; };
		92EFAE1929E13D5900886832 /* TypeliastBootcamp.swift */ = {isa = PBXFileReference; lastKnownFileType = sourcecode.swift; path = TypeliastBootcamp.swift; sourceTree = "<group>"; };
		92EFAE1B29E13F6600886832 /* WeakSelfBootcamp.swift */ = {isa = PBXFileReference; lastKnownFileType = sourcecode.swift; path = WeakSelfBootcamp.swift; sourceTree = "<group>"; };
		92EFAE1D29E1456500886832 /* DragGestureBootcamp.swift */ = {isa = PBXFileReference; lastKnownFileType = sourcecode.swift; path = DragGestureBootcamp.swift; sourceTree = "<group>"; };
		92EFAE1F29E14AAA00886832 /* DragGestureBootcamp2.swift */ = {isa = PBXFileReference; lastKnownFileType = sourcecode.swift; path = DragGestureBootcamp2.swift; sourceTree = "<group>"; };
		92FAC01229D5B93E005D6E8D /* OnLongPressGestureBootcamp.swift */ = {isa = PBXFileReference; lastKnownFileType = sourcecode.swift; path = OnLongPressGestureBootcamp.swift; sourceTree = "<group>"; };
		92FAC01429D5BAF5005D6E8D /* MagnificationGestureBootcamp.swift */ = {isa = PBXFileReference; lastKnownFileType = sourcecode.swift; path = MagnificationGestureBootcamp.swift; sourceTree = "<group>"; };
		92FAC01629D5BCE9005D6E8D /* RotationGestureBootcamp.swift */ = {isa = PBXFileReference; lastKnownFileType = sourcecode.swift; path = RotationGestureBootcamp.swift; sourceTree = "<group>"; };
		92FAD2CC29DF4A3200B6CCDD /* HashableBootcamp.swift */ = {isa = PBXFileReference; lastKnownFileType = sourcecode.swift; path = HashableBootcamp.swift; sourceTree = "<group>"; };
		92FB754D29EFB0E9007B40CB /* ControlGroupView.swift */ = {isa = PBXFileReference; lastKnownFileType = sourcecode.swift; path = ControlGroupView.swift; sourceTree = "<group>"; };
		92FB754F29EFB30E007B40CB /* DatePickerView.swift */ = {isa = PBXFileReference; lastKnownFileType = sourcecode.swift; path = DatePickerView.swift; sourceTree = "<group>"; };
		92FB755129EFB5CF007B40CB /* DisclosureGroupView.swift */ = {isa = PBXFileReference; lastKnownFileType = sourcecode.swift; path = DisclosureGroupView.swift; sourceTree = "<group>"; };
		92FB755329EFB74E007B40CB /* FormView.swift */ = {isa = PBXFileReference; lastKnownFileType = sourcecode.swift; path = FormView.swift; sourceTree = "<group>"; };
		92FB755529EFBBE4007B40CB /* GroupBoxView.swift */ = {isa = PBXFileReference; lastKnownFileType = sourcecode.swift; path = GroupBoxView.swift; sourceTree = "<group>"; };
		92FB755729EFBCD6007B40CB /* LabelView.swift */ = {isa = PBXFileReference; lastKnownFileType = sourcecode.swift; path = LabelView.swift; sourceTree = "<group>"; };
		92FB755929EFBDAE007B40CB /* LinkView.swift */ = {isa = PBXFileReference; lastKnownFileType = sourcecode.swift; path = LinkView.swift; sourceTree = "<group>"; };
		92FB755B29EFBEAE007B40CB /* ListView.swift */ = {isa = PBXFileReference; lastKnownFileType = sourcecode.swift; path = ListView.swift; sourceTree = "<group>"; };
		92FB755D29EFBFF6007B40CB /* MenuView.swift */ = {isa = PBXFileReference; lastKnownFileType = sourcecode.swift; path = MenuView.swift; sourceTree = "<group>"; };
/* End PBXFileReference section */

/* Begin PBXFrameworksBuildPhase section */
		927F327129D5A4F800984617 /* Frameworks */ = {
			isa = PBXFrameworksBuildPhase;
			buildActionMask = 2147483647;
			files = (
			);
			runOnlyForDeploymentPostprocessing = 0;
		};
		927F328629D5A4FA00984617 /* Frameworks */ = {
			isa = PBXFrameworksBuildPhase;
			buildActionMask = 2147483647;
			files = (
			);
			runOnlyForDeploymentPostprocessing = 0;
		};
		927F329029D5A4FA00984617 /* Frameworks */ = {
			isa = PBXFrameworksBuildPhase;
			buildActionMask = 2147483647;
			files = (
			);
			runOnlyForDeploymentPostprocessing = 0;
		};
/* End PBXFrameworksBuildPhase section */

/* Begin PBXGroup section */
		9260A69429EC106D00B31971 /* FileManager */ = {
			isa = PBXGroup;
			children = (
				9260A69529EC3A8000B31971 /* FileManagerBootcamp.swift */,
			);
			path = FileManager;
			sourceTree = "<group>";
		};
		9260A69729EC58E600B31971 /* Combine */ = {
			isa = PBXGroup;
			children = (
				9260A69829EC596E00B31971 /* SubscriberBootcamp.swift */,
			);
			path = Combine;
			sourceTree = "<group>";
		};
		9260A69A29EC7DB800B31971 /* DowloadImage */ = {
			isa = PBXGroup;
			children = (
				9260A69E29EC7DFB00B31971 /* Utilites */,
				9260A69D29EC7DF000B31971 /* ViewModel */,
				9260A69C29EC7DE700B31971 /* View */,
				9260A69B29EC7DDC00B31971 /* Model */,
			);
			path = DowloadImage;
			sourceTree = "<group>";
		};
		9260A69B29EC7DDC00B31971 /* Model */ = {
			isa = PBXGroup;
			children = (
				9260A6A229EC7FC500B31971 /* PhotoModel.swift */,
			);
			path = Model;
			sourceTree = "<group>";
		};
		9260A69C29EC7DE700B31971 /* View */ = {
			isa = PBXGroup;
			children = (
				9260A6A029EC7EA700B31971 /* DowloadingImagesBootcamp.swift */,
				9260A6A829EC8C9000B31971 /* DowloadingImageRow.swift */,
				9260A6AA29EC8D3300B31971 /* DowloadingImageView.swift */,
			);
			path = View;
			sourceTree = "<group>";
		};
		9260A69D29EC7DF000B31971 /* ViewModel */ = {
			isa = PBXGroup;
			children = (
				9260A6A429EC805B00B31971 /* DowloadingImagesViewModel.swift */,
				9260A6AC29EC8DC200B31971 /* ImageLoadingViewModel.swift */,
			);
			path = ViewModel;
			sourceTree = "<group>";
		};
		9260A69E29EC7DFB00B31971 /* Utilites */ = {
			isa = PBXGroup;
			children = (
				9260A6A629EC818200B31971 /* PhotoModelDataService.swift */,
				9260A6AE29EC96DF00B31971 /* PhotoCacheManager.swift */,
				9260A6B029EC989D00B31971 /* PhotoModelFileManager.swift */,
			);
			path = Utilites;
			sourceTree = "<group>";
		};
		9260A69F29EC7E3100B31971 /* Bootcamp */ = {
			isa = PBXGroup;
			children = (
				92FAC01229D5B93E005D6E8D /* OnLongPressGestureBootcamp.swift */,
				92FAC01429D5BAF5005D6E8D /* MagnificationGestureBootcamp.swift */,
				92FAC01629D5BCE9005D6E8D /* RotationGestureBootcamp.swift */,
				92B41EFC29D716B9004DFAB9 /* EscapingBootcamp.swift */,
				92FAD2CC29DF4A3200B6CCDD /* HashableBootcamp.swift */,
				92EFAE1029E0ADD200886832 /* HapticsBootcamp.swift */,
				92EFAE1229E0AFD000886832 /* PushBootcamp.swift */,
				92EFAE1929E13D5900886832 /* TypeliastBootcamp.swift */,
				92EFAE1B29E13F6600886832 /* WeakSelfBootcamp.swift */,
				928B382D29E1DE9C00473B8D /* ArraysBootcamp.swift */,
				928B385129E29A8100473B8D /* ThreadsBootcamp.swift */,
				92DB586B29EE6117007A0593 /* NSCacheBootcamp.swift */,
			);
			path = Bootcamp;
			sourceTree = "<group>";
		};
		927F326B29D5A4F800984617 = {
			isa = PBXGroup;
			children = (
				927F327629D5A4F800984617 /* TestsSUI */,
				927F327529D5A4F800984617 /* Products */,
			);
			sourceTree = "<group>";
		};
		927F327529D5A4F800984617 /* Products */ = {
			isa = PBXGroup;
			children = (
				927F327429D5A4F800984617 /* TestsSUI.app */,
				927F328929D5A4FA00984617 /* TestsSUITests.xctest */,
				927F329329D5A4FA00984617 /* TestsSUIUITests.xctest */,
			);
			name = Products;
			sourceTree = "<group>";
		};
		927F327629D5A4F800984617 /* TestsSUI */ = {
			isa = PBXGroup;
			children = (
				92FB754C29EFB0AA007B40CB /* ViewBookSuiMaster */,
				92FAC01029D5B82B005D6E8D /* View */,
				92FAC01129D5B836005D6E8D /* New Group */,
				927F327D29D5A4FA00984617 /* Preview Content */,
			);
			path = TestsSUI;
			sourceTree = "<group>";
		};
		927F327D29D5A4FA00984617 /* Preview Content */ = {
			isa = PBXGroup;
			children = (
				927F327E29D5A4FA00984617 /* Preview Assets.xcassets */,
			);
			path = "Preview Content";
			sourceTree = "<group>";
		};
		927F328C29D5A4FA00984617 /* TextSUITests */ = {
			isa = PBXGroup;
			children = (
				927F328D29D5A4FA00984617 /* TextSUITests.swift */,
			);
			path = TextSUITests;
			sourceTree = "<group>";
		};
		927F329629D5A4FA00984617 /* TextSUIUITests */ = {
			isa = PBXGroup;
			children = (
				927F329729D5A4FA00984617 /* TextSUIUITests.swift */,
				927F329929D5A4FA00984617 /* TextSUIUITestsLaunchTests.swift */,
			);
			path = TextSUIUITests;
			sourceTree = "<group>";
		};
		92B41EB529D6B014004DFAB9 /* View2 */ = {
			isa = PBXGroup;
			children = (
				92B41EB629D6B038004DFAB9 /* DependecyInjecBootcamp.swift */,
				92B41EB829D6B052004DFAB9 /* ProtocolsBootcamp.swift */,
				92B41EF629D6EEEA004DFAB9 /* FuturessPromisesBootcamp.swift */,
			);
			path = View2;
			sourceTree = "<group>";
		};
		92D8878E29EFDE5D003A6070 /* One */ = {
			isa = PBXGroup;
			children = (
				92FB755929EFBDAE007B40CB /* LinkView.swift */,
				92FB754D29EFB0E9007B40CB /* ControlGroupView.swift */,
				92FB754F29EFB30E007B40CB /* DatePickerView.swift */,
				92FB755129EFB5CF007B40CB /* DisclosureGroupView.swift */,
				92FB755329EFB74E007B40CB /* FormView.swift */,
				92FB755529EFBBE4007B40CB /* GroupBoxView.swift */,
				92FB755729EFBCD6007B40CB /* LabelView.swift */,
				92FB755B29EFBEAE007B40CB /* ListView.swift */,
				92FB755D29EFBFF6007B40CB /* MenuView.swift */,
				92D8878629EFD4A3003A6070 /* TabViewView.swift */,
				92D8878829EFD666003A6070 /* TextView.swift */,
				92D8878A29EFD7A9003A6070 /* TextEditorView.swift */,
				92D8878C29EFDA1A003A6070 /* TextFieldView.swift */,
			);
			path = One;
			sourceTree = "<group>";
		};
		92D8878F29EFDE81003A6070 /* Two */ = {
			isa = PBXGroup;
			children = (
				92D8879029EFDE91003A6070 /* CanvasView.swift */,
				92D8879229EFE033003A6070 /* CircularView.swift */,
			);
			path = Two;
			sourceTree = "<group>";
		};
		92EFAE0B29E0ABF500886832 /* Sound */ = {
			isa = PBXGroup;
			children = (
				92EFAE0929E0A8FE00886832 /* SoundsBootcamp.swift */,
				92EFAE0C29E0AC1200886832 /* badum.mp3 */,
				92EFAE0D29E0AC1200886832 /* tada.mp3 */,
			);
			path = Sound;
			sourceTree = "<group>";
		};
		92EFAE2129E14AB600886832 /* DragGesture */ = {
			isa = PBXGroup;
			children = (
				92EFAE1D29E1456500886832 /* DragGestureBootcamp.swift */,
				92EFAE1F29E14AAA00886832 /* DragGestureBootcamp2.swift */,
			);
			path = DragGesture;
			sourceTree = "<group>";
		};
		92FAC01029D5B82B005D6E8D /* View */ = {
			isa = PBXGroup;
			children = (
				9260A69F29EC7E3100B31971 /* Bootcamp */,
				92B41EB529D6B014004DFAB9 /* View2 */,
				9260A69A29EC7DB800B31971 /* DowloadImage */,
				9260A69729EC58E600B31971 /* Combine */,
				9260A69429EC106D00B31971 /* FileManager */,
				92EFAE2129E14AB600886832 /* DragGesture */,
				92EFAE0B29E0ABF500886832 /* Sound */,
			);
			path = View;
			sourceTree = "<group>";
		};
		92FAC01129D5B836005D6E8D /* New Group */ = {
			isa = PBXGroup;
			children = (
				927F328C29D5A4FA00984617 /* TextSUITests */,
				927F329629D5A4FA00984617 /* TextSUIUITests */,
				927F327729D5A4F800984617 /* TextSUIApp.swift */,
				927F327929D5A4F800984617 /* ContentView.swift */,
				927F327B29D5A4FA00984617 /* Assets.xcassets */,
				927F328029D5A4FA00984617 /* Persistence.swift */,
				927F328229D5A4FA00984617 /* TextSUI.xcdatamodeld */,
			);
			path = "New Group";
			sourceTree = "<group>";
		};
		92FB754C29EFB0AA007B40CB /* ViewBookSuiMaster */ = {
			isa = PBXGroup;
			children = (
				92D8878F29EFDE81003A6070 /* Two */,
				92D8878E29EFDE5D003A6070 /* One */,
			);
			path = ViewBookSuiMaster;
			sourceTree = "<group>";
		};
/* End PBXGroup section */

/* Begin PBXNativeTarget section */
		927F327329D5A4F800984617 /* TestsSUI */ = {
			isa = PBXNativeTarget;
			buildConfigurationList = 927F329D29D5A4FA00984617 /* Build configuration list for PBXNativeTarget "TestsSUI" */;
			buildPhases = (
				927F327029D5A4F800984617 /* Sources */,
				927F327129D5A4F800984617 /* Frameworks */,
				927F327229D5A4F800984617 /* Resources */,
			);
			buildRules = (
			);
			dependencies = (
			);
			name = TestsSUI;
			productName = TextSUI;
			productReference = 927F327429D5A4F800984617 /* TestsSUI.app */;
			productType = "com.apple.product-type.application";
		};
		927F328829D5A4FA00984617 /* TestsSUITests */ = {
			isa = PBXNativeTarget;
			buildConfigurationList = 927F32A029D5A4FA00984617 /* Build configuration list for PBXNativeTarget "TestsSUITests" */;
			buildPhases = (
				927F328529D5A4FA00984617 /* Sources */,
				927F328629D5A4FA00984617 /* Frameworks */,
				927F328729D5A4FA00984617 /* Resources */,
			);
			buildRules = (
			);
			dependencies = (
				927F328B29D5A4FA00984617 /* PBXTargetDependency */,
			);
			name = TestsSUITests;
			productName = TextSUITests;
			productReference = 927F328929D5A4FA00984617 /* TestsSUITests.xctest */;
			productType = "com.apple.product-type.bundle.unit-test";
		};
		927F329229D5A4FA00984617 /* TestsSUIUITests */ = {
			isa = PBXNativeTarget;
			buildConfigurationList = 927F32A329D5A4FA00984617 /* Build configuration list for PBXNativeTarget "TestsSUIUITests" */;
			buildPhases = (
				927F328F29D5A4FA00984617 /* Sources */,
				927F329029D5A4FA00984617 /* Frameworks */,
				927F329129D5A4FA00984617 /* Resources */,
			);
			buildRules = (
			);
			dependencies = (
				927F329529D5A4FA00984617 /* PBXTargetDependency */,
			);
			name = TestsSUIUITests;
			productName = TextSUIUITests;
			productReference = 927F329329D5A4FA00984617 /* TestsSUIUITests.xctest */;
			productType = "com.apple.product-type.bundle.ui-testing";
		};
/* End PBXNativeTarget section */

/* Begin PBXProject section */
		927F326C29D5A4F800984617 /* Project object */ = {
			isa = PBXProject;
			attributes = {
				BuildIndependentTargetsInParallel = 1;
				LastSwiftUpdateCheck = 1420;
				LastUpgradeCheck = 1420;
				TargetAttributes = {
					927F327329D5A4F800984617 = {
						CreatedOnToolsVersion = 14.2;
					};
					927F328829D5A4FA00984617 = {
						CreatedOnToolsVersion = 14.2;
						TestTargetID = 927F327329D5A4F800984617;
					};
					927F329229D5A4FA00984617 = {
						CreatedOnToolsVersion = 14.2;
						TestTargetID = 927F327329D5A4F800984617;
					};
				};
			};
			buildConfigurationList = 927F326F29D5A4F800984617 /* Build configuration list for PBXProject "TestsSUI" */;
			compatibilityVersion = "Xcode 14.0";
			developmentRegion = en;
			hasScannedForEncodings = 0;
			knownRegions = (
				en,
				Base,
			);
			mainGroup = 927F326B29D5A4F800984617;
			productRefGroup = 927F327529D5A4F800984617 /* Products */;
			projectDirPath = "";
			projectRoot = "";
			targets = (
				927F327329D5A4F800984617 /* TestsSUI */,
				927F328829D5A4FA00984617 /* TestsSUITests */,
				927F329229D5A4FA00984617 /* TestsSUIUITests */,
			);
		};
/* End PBXProject section */

/* Begin PBXResourcesBuildPhase section */
		927F327229D5A4F800984617 /* Resources */ = {
			isa = PBXResourcesBuildPhase;
			buildActionMask = 2147483647;
			files = (
				92EFAE0F29E0AC1200886832 /* tada.mp3 in Resources */,
				92EFAE0E29E0AC1200886832 /* badum.mp3 in Resources */,
				927F327F29D5A4FA00984617 /* Preview Assets.xcassets in Resources */,
				927F327C29D5A4FA00984617 /* Assets.xcassets in Resources */,
			);
			runOnlyForDeploymentPostprocessing = 0;
		};
		927F328729D5A4FA00984617 /* Resources */ = {
			isa = PBXResourcesBuildPhase;
			buildActionMask = 2147483647;
			files = (
			);
			runOnlyForDeploymentPostprocessing = 0;
		};
		927F329129D5A4FA00984617 /* Resources */ = {
			isa = PBXResourcesBuildPhase;
			buildActionMask = 2147483647;
			files = (
			);
			runOnlyForDeploymentPostprocessing = 0;
		};
/* End PBXResourcesBuildPhase section */

/* Begin PBXSourcesBuildPhase section */
		927F327029D5A4F800984617 /* Sources */ = {
			isa = PBXSourcesBuildPhase;
			buildActionMask = 2147483647;
			files = (
				92EFAE1E29E1456500886832 /* DragGestureBootcamp.swift in Sources */,
				92FAC01529D5BAF5005D6E8D /* MagnificationGestureBootcamp.swift in Sources */,
				928B382E29E1DE9C00473B8D /* ArraysBootcamp.swift in Sources */,
				92EFAE1129E0ADD200886832 /* HapticsBootcamp.swift in Sources */,
				92DB586C29EE6117007A0593 /* NSCacheBootcamp.swift in Sources */,
				9260A6A529EC805B00B31971 /* DowloadingImagesViewModel.swift in Sources */,
				928B385229E29A8100473B8D /* ThreadsBootcamp.swift in Sources */,
				9260A6A929EC8C9000B31971 /* DowloadingImageRow.swift in Sources */,
				92FB755629EFBBE4007B40CB /* GroupBoxView.swift in Sources */,
				92EFAE2029E14AAA00886832 /* DragGestureBootcamp2.swift in Sources */,
				92D8878D29EFDA1A003A6070 /* TextFieldView.swift in Sources */,
				9260A6B129EC989D00B31971 /* PhotoModelFileManager.swift in Sources */,
				92B41EFD29D716B9004DFAB9 /* EscapingBootcamp.swift in Sources */,
				9260A6AD29EC8DC200B31971 /* ImageLoadingViewModel.swift in Sources */,
				92D8878729EFD4A3003A6070 /* TabViewView.swift in Sources */,
				927F328129D5A4FA00984617 /* Persistence.swift in Sources */,
				9260A69629EC3A8000B31971 /* FileManagerBootcamp.swift in Sources */,
				92EFAE0A29E0A8FE00886832 /* SoundsBootcamp.swift in Sources */,
				92FB754E29EFB0E9007B40CB /* ControlGroupView.swift in Sources */,
				92B41EB729D6B038004DFAB9 /* DependecyInjecBootcamp.swift in Sources */,
				92FB755229EFB5CF007B40CB /* DisclosureGroupView.swift in Sources */,
				92EFAE1A29E13D5900886832 /* TypeliastBootcamp.swift in Sources */,
				927F327A29D5A4F800984617 /* ContentView.swift in Sources */,
				9260A6AB29EC8D3300B31971 /* DowloadingImageView.swift in Sources */,
				92FB755429EFB74E007B40CB /* FormView.swift in Sources */,
				927F328429D5A4FA00984617 /* TextSUI.xcdatamodeld in Sources */,
				9260A6AF29EC96DF00B31971 /* PhotoCacheManager.swift in Sources */,
				9260A69929EC596E00B31971 /* SubscriberBootcamp.swift in Sources */,
				92EFAE1C29E13F6600886832 /* WeakSelfBootcamp.swift in Sources */,
				92FB755029EFB30E007B40CB /* DatePickerView.swift in Sources */,
				92FAD2CD29DF4A3200B6CCDD /* HashableBootcamp.swift in Sources */,
				92D8879129EFDE91003A6070 /* CanvasView.swift in Sources */,
				92B41EB929D6B052004DFAB9 /* ProtocolsBootcamp.swift in Sources */,
				92FB755E29EFBFF6007B40CB /* MenuView.swift in Sources */,
				92FAC01329D5B93E005D6E8D /* OnLongPressGestureBootcamp.swift in Sources */,
				92D8878B29EFD7A9003A6070 /* TextEditorView.swift in Sources */,
				92B41EF729D6EEEA004DFAB9 /* FuturessPromisesBootcamp.swift in Sources */,
				9260A6A129EC7EA700B31971 /* DowloadingImagesBootcamp.swift in Sources */,
				92EFAE1329E0AFD000886832 /* PushBootcamp.swift in Sources */,
				92FB755A29EFBDAE007B40CB /* LinkView.swift in Sources */,
				9260A6A729EC818200B31971 /* PhotoModelDataService.swift in Sources */,
				92FB755C29EFBEAE007B40CB /* ListView.swift in Sources */,
				92FB755829EFBCD6007B40CB /* LabelView.swift in Sources */,
				92FAC01729D5BCE9005D6E8D /* RotationGestureBootcamp.swift in Sources */,
				9260A6A329EC7FC500B31971 /* PhotoModel.swift in Sources */,
				92D8879329EFE033003A6070 /* CircularView.swift in Sources */,
				92D8878929EFD666003A6070 /* TextView.swift in Sources */,
				927F327829D5A4F800984617 /* TextSUIApp.swift in Sources */,
			);
			runOnlyForDeploymentPostprocessing = 0;
		};
		927F328529D5A4FA00984617 /* Sources */ = {
			isa = PBXSourcesBuildPhase;
			buildActionMask = 2147483647;
			files = (
				927F328E29D5A4FA00984617 /* TextSUITests.swift in Sources */,
			);
			runOnlyForDeploymentPostprocessing = 0;
		};
		927F328F29D5A4FA00984617 /* Sources */ = {
			isa = PBXSourcesBuildPhase;
			buildActionMask = 2147483647;
			files = (
				927F329829D5A4FA00984617 /* TextSUIUITests.swift in Sources */,
				927F329A29D5A4FA00984617 /* TextSUIUITestsLaunchTests.swift in Sources */,
			);
			runOnlyForDeploymentPostprocessing = 0;
		};
/* End PBXSourcesBuildPhase section */

/* Begin PBXTargetDependency section */
		927F328B29D5A4FA00984617 /* PBXTargetDependency */ = {
			isa = PBXTargetDependency;
			target = 927F327329D5A4F800984617 /* TestsSUI */;
			targetProxy = 927F328A29D5A4FA00984617 /* PBXContainerItemProxy */;
		};
		927F329529D5A4FA00984617 /* PBXTargetDependency */ = {
			isa = PBXTargetDependency;
			target = 927F327329D5A4F800984617 /* TestsSUI */;
			targetProxy = 927F329429D5A4FA00984617 /* PBXContainerItemProxy */;
		};
/* End PBXTargetDependency section */

/* Begin XCBuildConfiguration section */
		927F329B29D5A4FA00984617 /* Debug */ = {
			isa = XCBuildConfiguration;
			buildSettings = {
				ALWAYS_SEARCH_USER_PATHS = NO;
				CLANG_ANALYZER_NONNULL = YES;
				CLANG_ANALYZER_NUMBER_OBJECT_CONVERSION = YES_AGGRESSIVE;
				CLANG_CXX_LANGUAGE_STANDARD = "gnu++20";
				CLANG_ENABLE_MODULES = YES;
				CLANG_ENABLE_OBJC_ARC = YES;
				CLANG_ENABLE_OBJC_WEAK = YES;
				CLANG_WARN_BLOCK_CAPTURE_AUTORELEASING = YES;
				CLANG_WARN_BOOL_CONVERSION = YES;
				CLANG_WARN_COMMA = YES;
				CLANG_WARN_CONSTANT_CONVERSION = YES;
				CLANG_WARN_DEPRECATED_OBJC_IMPLEMENTATIONS = YES;
				CLANG_WARN_DIRECT_OBJC_ISA_USAGE = YES_ERROR;
				CLANG_WARN_DOCUMENTATION_COMMENTS = YES;
				CLANG_WARN_EMPTY_BODY = YES;
				CLANG_WARN_ENUM_CONVERSION = YES;
				CLANG_WARN_INFINITE_RECURSION = YES;
				CLANG_WARN_INT_CONVERSION = YES;
				CLANG_WARN_NON_LITERAL_NULL_CONVERSION = YES;
				CLANG_WARN_OBJC_IMPLICIT_RETAIN_SELF = YES;
				CLANG_WARN_OBJC_LITERAL_CONVERSION = YES;
				CLANG_WARN_OBJC_ROOT_CLASS = YES_ERROR;
				CLANG_WARN_QUOTED_INCLUDE_IN_FRAMEWORK_HEADER = YES;
				CLANG_WARN_RANGE_LOOP_ANALYSIS = YES;
				CLANG_WARN_STRICT_PROTOTYPES = YES;
				CLANG_WARN_SUSPICIOUS_MOVE = YES;
				CLANG_WARN_UNGUARDED_AVAILABILITY = YES_AGGRESSIVE;
				CLANG_WARN_UNREACHABLE_CODE = YES;
				CLANG_WARN__DUPLICATE_METHOD_MATCH = YES;
				COPY_PHASE_STRIP = NO;
				DEBUG_INFORMATION_FORMAT = dwarf;
				ENABLE_STRICT_OBJC_MSGSEND = YES;
				ENABLE_TESTABILITY = YES;
				GCC_C_LANGUAGE_STANDARD = gnu11;
				GCC_DYNAMIC_NO_PIC = NO;
				GCC_NO_COMMON_BLOCKS = YES;
				GCC_OPTIMIZATION_LEVEL = 0;
				GCC_PREPROCESSOR_DEFINITIONS = (
					"DEBUG=1",
					"$(inherited)",
				);
				GCC_WARN_64_TO_32_BIT_CONVERSION = YES;
				GCC_WARN_ABOUT_RETURN_TYPE = YES_ERROR;
				GCC_WARN_UNDECLARED_SELECTOR = YES;
				GCC_WARN_UNINITIALIZED_AUTOS = YES_AGGRESSIVE;
				GCC_WARN_UNUSED_FUNCTION = YES;
				GCC_WARN_UNUSED_VARIABLE = YES;
				IPHONEOS_DEPLOYMENT_TARGET = 16.2;
				MTL_ENABLE_DEBUG_INFO = INCLUDE_SOURCE;
				MTL_FAST_MATH = YES;
				ONLY_ACTIVE_ARCH = YES;
				SDKROOT = iphoneos;
				SWIFT_ACTIVE_COMPILATION_CONDITIONS = DEBUG;
				SWIFT_OPTIMIZATION_LEVEL = "-Onone";
			};
			name = Debug;
		};
		927F329C29D5A4FA00984617 /* Release */ = {
			isa = XCBuildConfiguration;
			buildSettings = {
				ALWAYS_SEARCH_USER_PATHS = NO;
				CLANG_ANALYZER_NONNULL = YES;
				CLANG_ANALYZER_NUMBER_OBJECT_CONVERSION = YES_AGGRESSIVE;
				CLANG_CXX_LANGUAGE_STANDARD = "gnu++20";
				CLANG_ENABLE_MODULES = YES;
				CLANG_ENABLE_OBJC_ARC = YES;
				CLANG_ENABLE_OBJC_WEAK = YES;
				CLANG_WARN_BLOCK_CAPTURE_AUTORELEASING = YES;
				CLANG_WARN_BOOL_CONVERSION = YES;
				CLANG_WARN_COMMA = YES;
				CLANG_WARN_CONSTANT_CONVERSION = YES;
				CLANG_WARN_DEPRECATED_OBJC_IMPLEMENTATIONS = YES;
				CLANG_WARN_DIRECT_OBJC_ISA_USAGE = YES_ERROR;
				CLANG_WARN_DOCUMENTATION_COMMENTS = YES;
				CLANG_WARN_EMPTY_BODY = YES;
				CLANG_WARN_ENUM_CONVERSION = YES;
				CLANG_WARN_INFINITE_RECURSION = YES;
				CLANG_WARN_INT_CONVERSION = YES;
				CLANG_WARN_NON_LITERAL_NULL_CONVERSION = YES;
				CLANG_WARN_OBJC_IMPLICIT_RETAIN_SELF = YES;
				CLANG_WARN_OBJC_LITERAL_CONVERSION = YES;
				CLANG_WARN_OBJC_ROOT_CLASS = YES_ERROR;
				CLANG_WARN_QUOTED_INCLUDE_IN_FRAMEWORK_HEADER = YES;
				CLANG_WARN_RANGE_LOOP_ANALYSIS = YES;
				CLANG_WARN_STRICT_PROTOTYPES = YES;
				CLANG_WARN_SUSPICIOUS_MOVE = YES;
				CLANG_WARN_UNGUARDED_AVAILABILITY = YES_AGGRESSIVE;
				CLANG_WARN_UNREACHABLE_CODE = YES;
				CLANG_WARN__DUPLICATE_METHOD_MATCH = YES;
				COPY_PHASE_STRIP = NO;
				DEBUG_INFORMATION_FORMAT = "dwarf-with-dsym";
				ENABLE_NS_ASSERTIONS = NO;
				ENABLE_STRICT_OBJC_MSGSEND = YES;
				GCC_C_LANGUAGE_STANDARD = gnu11;
				GCC_NO_COMMON_BLOCKS = YES;
				GCC_WARN_64_TO_32_BIT_CONVERSION = YES;
				GCC_WARN_ABOUT_RETURN_TYPE = YES_ERROR;
				GCC_WARN_UNDECLARED_SELECTOR = YES;
				GCC_WARN_UNINITIALIZED_AUTOS = YES_AGGRESSIVE;
				GCC_WARN_UNUSED_FUNCTION = YES;
				GCC_WARN_UNUSED_VARIABLE = YES;
				IPHONEOS_DEPLOYMENT_TARGET = 16.2;
				MTL_ENABLE_DEBUG_INFO = NO;
				MTL_FAST_MATH = YES;
				SDKROOT = iphoneos;
				SWIFT_COMPILATION_MODE = wholemodule;
				SWIFT_OPTIMIZATION_LEVEL = "-O";
				VALIDATE_PRODUCT = YES;
			};
			name = Release;
		};
		927F329E29D5A4FA00984617 /* Debug */ = {
			isa = XCBuildConfiguration;
			buildSettings = {
				ASSETCATALOG_COMPILER_APPICON_NAME = AppIcon;
				ASSETCATALOG_COMPILER_GLOBAL_ACCENT_COLOR_NAME = AccentColor;
				CODE_SIGN_STYLE = Automatic;
				CURRENT_PROJECT_VERSION = 1;
				DEVELOPMENT_ASSET_PATHS = "\"TestsSUI/Preview Content\"";
				DEVELOPMENT_TEAM = 28G8Q5A4PL;
				ENABLE_PREVIEWS = YES;
				GENERATE_INFOPLIST_FILE = YES;
				INFOPLIST_KEY_UIApplicationSceneManifest_Generation = YES;
				INFOPLIST_KEY_UIApplicationSupportsIndirectInputEvents = YES;
				INFOPLIST_KEY_UILaunchScreen_Generation = YES;
				INFOPLIST_KEY_UISupportedInterfaceOrientations_iPad = "UIInterfaceOrientationPortrait UIInterfaceOrientationPortraitUpsideDown UIInterfaceOrientationLandscapeLeft UIInterfaceOrientationLandscapeRight";
				INFOPLIST_KEY_UISupportedInterfaceOrientations_iPhone = "UIInterfaceOrientationPortrait UIInterfaceOrientationLandscapeLeft UIInterfaceOrientationLandscapeRight";
				LD_RUNPATH_SEARCH_PATHS = (
					"$(inherited)",
					"@executable_path/Frameworks",
				);
				MARKETING_VERSION = 1.0;
				PRODUCT_BUNDLE_IDENTIFIER = com.denis.TextSUI;
				PRODUCT_NAME = "$(TARGET_NAME)";
				SWIFT_EMIT_LOC_STRINGS = YES;
				SWIFT_VERSION = 5.0;
				TARGETED_DEVICE_FAMILY = "1,2";
			};
			name = Debug;
		};
		927F329F29D5A4FA00984617 /* Release */ = {
			isa = XCBuildConfiguration;
			buildSettings = {
				ASSETCATALOG_COMPILER_APPICON_NAME = AppIcon;
				ASSETCATALOG_COMPILER_GLOBAL_ACCENT_COLOR_NAME = AccentColor;
				CODE_SIGN_STYLE = Automatic;
				CURRENT_PROJECT_VERSION = 1;
				DEVELOPMENT_ASSET_PATHS = "\"TestsSUI/Preview Content\"";
				DEVELOPMENT_TEAM = 28G8Q5A4PL;
				ENABLE_PREVIEWS = YES;
				GENERATE_INFOPLIST_FILE = YES;
				INFOPLIST_KEY_UIApplicationSceneManifest_Generation = YES;
				INFOPLIST_KEY_UIApplicationSupportsIndirectInputEvents = YES;
				INFOPLIST_KEY_UILaunchScreen_Generation = YES;
				INFOPLIST_KEY_UISupportedInterfaceOrientations_iPad = "UIInterfaceOrientationPortrait UIInterfaceOrientationPortraitUpsideDown UIInterfaceOrientationLandscapeLeft UIInterfaceOrientationLandscapeRight";
				INFOPLIST_KEY_UISupportedInterfaceOrientations_iPhone = "UIInterfaceOrientationPortrait UIInterfaceOrientationLandscapeLeft UIInterfaceOrientationLandscapeRight";
				LD_RUNPATH_SEARCH_PATHS = (
					"$(inherited)",
					"@executable_path/Frameworks",
				);
				MARKETING_VERSION = 1.0;
				PRODUCT_BUNDLE_IDENTIFIER = com.denis.TextSUI;
				PRODUCT_NAME = "$(TARGET_NAME)";
				SWIFT_EMIT_LOC_STRINGS = YES;
				SWIFT_VERSION = 5.0;
				TARGETED_DEVICE_FAMILY = "1,2";
			};
			name = Release;
		};
		927F32A129D5A4FA00984617 /* Debug */ = {
			isa = XCBuildConfiguration;
			buildSettings = {
				ALWAYS_EMBED_SWIFT_STANDARD_LIBRARIES = YES;
				BUNDLE_LOADER = "$(TEST_HOST)";
				CODE_SIGN_STYLE = Automatic;
				CURRENT_PROJECT_VERSION = 1;
				DEVELOPMENT_TEAM = 28G8Q5A4PL;
				GENERATE_INFOPLIST_FILE = YES;
				IPHONEOS_DEPLOYMENT_TARGET = 16.2;
				MARKETING_VERSION = 1.0;
				PRODUCT_BUNDLE_IDENTIFIER = com.denis.TextSUITests;
				PRODUCT_NAME = "$(TARGET_NAME)";
				SWIFT_EMIT_LOC_STRINGS = NO;
				SWIFT_VERSION = 5.0;
				TARGETED_DEVICE_FAMILY = "1,2";
				TEST_HOST = "$(BUILT_PRODUCTS_DIR)/TestsSUI.app/$(BUNDLE_EXECUTABLE_FOLDER_PATH)/TestsSUI";
			};
			name = Debug;
		};
		927F32A229D5A4FA00984617 /* Release */ = {
			isa = XCBuildConfiguration;
			buildSettings = {
				ALWAYS_EMBED_SWIFT_STANDARD_LIBRARIES = YES;
				BUNDLE_LOADER = "$(TEST_HOST)";
				CODE_SIGN_STYLE = Automatic;
				CURRENT_PROJECT_VERSION = 1;
				DEVELOPMENT_TEAM = 28G8Q5A4PL;
				GENERATE_INFOPLIST_FILE = YES;
				IPHONEOS_DEPLOYMENT_TARGET = 16.2;
				MARKETING_VERSION = 1.0;
				PRODUCT_BUNDLE_IDENTIFIER = com.denis.TextSUITests;
				PRODUCT_NAME = "$(TARGET_NAME)";
				SWIFT_EMIT_LOC_STRINGS = NO;
				SWIFT_VERSION = 5.0;
				TARGETED_DEVICE_FAMILY = "1,2";
				TEST_HOST = "$(BUILT_PRODUCTS_DIR)/TestsSUI.app/$(BUNDLE_EXECUTABLE_FOLDER_PATH)/TestsSUI";
			};
			name = Release;
		};
		927F32A429D5A4FA00984617 /* Debug */ = {
			isa = XCBuildConfiguration;
			buildSettings = {
				ALWAYS_EMBED_SWIFT_STANDARD_LIBRARIES = YES;
				CODE_SIGN_STYLE = Automatic;
				CURRENT_PROJECT_VERSION = 1;
				DEVELOPMENT_TEAM = 28G8Q5A4PL;
				GENERATE_INFOPLIST_FILE = YES;
				MARKETING_VERSION = 1.0;
				PRODUCT_BUNDLE_IDENTIFIER = com.denis.TextSUIUITests;
				PRODUCT_NAME = "$(TARGET_NAME)";
				SWIFT_EMIT_LOC_STRINGS = NO;
				SWIFT_VERSION = 5.0;
				TARGETED_DEVICE_FAMILY = "1,2";
				TEST_TARGET_NAME = TextSUI;
			};
			name = Debug;
		};
		927F32A529D5A4FA00984617 /* Release */ = {
			isa = XCBuildConfiguration;
			buildSettings = {
				ALWAYS_EMBED_SWIFT_STANDARD_LIBRARIES = YES;
				CODE_SIGN_STYLE = Automatic;
				CURRENT_PROJECT_VERSION = 1;
				DEVELOPMENT_TEAM = 28G8Q5A4PL;
				GENERATE_INFOPLIST_FILE = YES;
				MARKETING_VERSION = 1.0;
				PRODUCT_BUNDLE_IDENTIFIER = com.denis.TextSUIUITests;
				PRODUCT_NAME = "$(TARGET_NAME)";
				SWIFT_EMIT_LOC_STRINGS = NO;
				SWIFT_VERSION = 5.0;
				TARGETED_DEVICE_FAMILY = "1,2";
				TEST_TARGET_NAME = TextSUI;
			};
			name = Release;
		};
/* End XCBuildConfiguration section */

/* Begin XCConfigurationList section */
		927F326F29D5A4F800984617 /* Build configuration list for PBXProject "TestsSUI" */ = {
			isa = XCConfigurationList;
			buildConfigurations = (
				927F329B29D5A4FA00984617 /* Debug */,
				927F329C29D5A4FA00984617 /* Release */,
			);
			defaultConfigurationIsVisible = 0;
			defaultConfigurationName = Release;
		};
		927F329D29D5A4FA00984617 /* Build configuration list for PBXNativeTarget "TestsSUI" */ = {
			isa = XCConfigurationList;
			buildConfigurations = (
				927F329E29D5A4FA00984617 /* Debug */,
				927F329F29D5A4FA00984617 /* Release */,
			);
			defaultConfigurationIsVisible = 0;
			defaultConfigurationName = Release;
		};
		927F32A029D5A4FA00984617 /* Build configuration list for PBXNativeTarget "TestsSUITests" */ = {
			isa = XCConfigurationList;
			buildConfigurations = (
				927F32A129D5A4FA00984617 /* Debug */,
				927F32A229D5A4FA00984617 /* Release */,
			);
			defaultConfigurationIsVisible = 0;
			defaultConfigurationName = Release;
		};
		927F32A329D5A4FA00984617 /* Build configuration list for PBXNativeTarget "TestsSUIUITests" */ = {
			isa = XCConfigurationList;
			buildConfigurations = (
				927F32A429D5A4FA00984617 /* Debug */,
				927F32A529D5A4FA00984617 /* Release */,
			);
			defaultConfigurationIsVisible = 0;
			defaultConfigurationName = Release;
		};
/* End XCConfigurationList section */

/* Begin XCVersionGroup section */
		927F328229D5A4FA00984617 /* TextSUI.xcdatamodeld */ = {
			isa = XCVersionGroup;
			children = (
				927F328329D5A4FA00984617 /* TextSUI.xcdatamodel */,
			);
			currentVersion = 927F328329D5A4FA00984617 /* TextSUI.xcdatamodel */;
			path = TextSUI.xcdatamodeld;
			sourceTree = "<group>";
			versionGroupType = wrapper.xcdatamodel;
		};
/* End XCVersionGroup section */
	};
	rootObject = 927F326C29D5A4F800984617 /* Project object */;
}
